
Microsoft Visual Studio Solution File, Format Version 12.00
# Visual Studio 15
VisualStudioVersion = 15.0.28010.2036
MinimumVisualStudioVersion = 10.0.40219.1
Project("{FAE04EC0-301F-11D3-BF4B-00C04F79EFBC}") = "testing", "testing\testing.csproj", "{D6A6F2DB-2A48-49A2-B1B9-904B7B1CCCBD}"
EndProject
Global
	GlobalSection(SolutionConfigurationPlatforms) = preSolution
		Debug|Any CPU = Debug|Any CPU
		Release|Any CPU = Release|Any CPU
	EndGlobalSection
	GlobalSection(ProjectConfigurationPlatforms) = postSolution
		{D6A6F2DB-2A48-49A2-B1B9-904B7B1CCCBD}.Debug|Any CPU.ActiveCfg = Debug|Any CPU
		{D6A6F2DB-2A48-49A2-B1B9-904B7B1CCCBD}.Debug|Any CPU.Build.0 = Debug|Any CPU
		{D6A6F2DB-2A48-49A2-B1B9-904B7B1CCCBD}.Release|Any CPU.ActiveCfg = Release|Any CPU
		{D6A6F2DB-2A48-49A2-B1B9-904B7B1CCCBD}.Release|Any CPU.Build.0 = Release|Any CPU
	EndGlobalSection
	GlobalSection(SolutionProperties) = preSolution
		HideSolutionNode = FALSE
	EndGlobalSection
	GlobalSection(ExtensibilityGlobals) = postSolution
		SolutionGuid = {BB08036E-CB4E-405D-B8AC-67368F5AC68C}
	EndGlobalSection
EndGlobal
